
Microsoft Visual Studio Solution File, Format Version 12.00
# Visual Studio Version 16
VisualStudioVersion = 16.0.30717.126
MinimumVisualStudioVersion = 10.0.40219.1
Project("{2150E333-8FDC-42A3-9474-1A3956D46DE8}") = "Solution Items", "Solution Items", "{4C96CB6C-EF40-494A-B4ED-EADEC2D5BD94}"
	ProjectSection(SolutionItems) = preProject
		NuGet.config = NuGet.config
		samples.json = samples.json
	EndProjectSection
EndProject
Project("{9A19103F-16F7-4668-BE54-9A1E7A4F7556}") = "Caravela.Samples.LogParameters", "Caravela.Samples.LogParameters\Caravela.Samples.LogParameters.csproj", "{C3E39A09-B14C-4447-B695-003B54D07D24}"
EndProject
Global
	GlobalSection(SolutionConfigurationPlatforms) = preSolution
		Debug|Any CPU = Debug|Any CPU
		Release|Any CPU = Release|Any CPU
	EndGlobalSection
	GlobalSection(ProjectConfigurationPlatforms) = postSolution
		{C3E39A09-B14C-4447-B695-003B54D07D24}.Debug|Any CPU.ActiveCfg = Debug|Any CPU
		{C3E39A09-B14C-4447-B695-003B54D07D24}.Debug|Any CPU.Build.0 = Debug|Any CPU
		{C3E39A09-B14C-4447-B695-003B54D07D24}.Release|Any CPU.ActiveCfg = Release|Any CPU
		{C3E39A09-B14C-4447-B695-003B54D07D24}.Release|Any CPU.Build.0 = Release|Any CPU
	EndGlobalSection
	GlobalSection(SolutionProperties) = preSolution
		HideSolutionNode = FALSE
	EndGlobalSection
	GlobalSection(ExtensibilityGlobals) = postSolution
		SolutionGuid = {BEE1D071-3DAD-415E-B763-05D3FA08B9F5}
	EndGlobalSection
EndGlobal
