
Microsoft Visual Studio Solution File, Format Version 12.00
# Visual Studio Version 16
VisualStudioVersion = 16.0.30717.126
MinimumVisualStudioVersion = 10.0.40219.1
Project("{2150E333-8FDC-42A3-9474-1A3956D46DE8}") = "Solution Items", "Solution Items", "{4C96CB6C-EF40-494A-B4ED-EADEC2D5BD94}"
	ProjectSection(SolutionItems) = preProject
		Directory.Build.props = Directory.Build.props
		.github\workflows\main.yml = .github\workflows\main.yml
		NuGet.config = NuGet.config
		README.md = README.md
		samples.json = samples.json
	EndProjectSection
EndProject
Project("{9A19103F-16F7-4668-BE54-9A1E7A4F7556}") = "Caravela.Samples.LogParameters", "Caravela.Samples.LogParameters\Caravela.Samples.LogParameters.csproj", "{C3E39A09-B14C-4447-B695-003B54D07D24}"
EndProject
Project("{9A19103F-16F7-4668-BE54-9A1E7A4F7556}") = "Caravela.Samples.Log", "Caravela.Samples.Log\Caravela.Samples.Log.csproj", "{CD066924-DA11-4FFB-9C89-5EAB619E2847}"
EndProject
Project("{9A19103F-16F7-4668-BE54-9A1E7A4F7556}") = "Caravela.Samples.Cache", "Caravela.Samples.Cache\Caravela.Samples.Cache.csproj", "{3581C05C-A6B2-4D1A-B120-DF8DA46FC1EF}"
EndProject
Project("{9A19103F-16F7-4668-BE54-9A1E7A4F7556}") = "Caravela.Samples.ExceptionEnrich", "Caravela.Samples.ExceptionEnrich\Caravela.Samples.ExceptionEnrich.csproj", "{A4352C61-E9B2-4736-B1C7-F87F3882B61F}"
EndProject
Project("{9A19103F-16F7-4668-BE54-9A1E7A4F7556}") = "Caravela.Samples.Retry", "Caravela.Samples.Retry\Caravela.Samples.Retry.csproj", "{8967B55C-2595-4455-9D16-DF144186B36E}"
EndProject
Project("{9A19103F-16F7-4668-BE54-9A1E7A4F7556}") = "Caravela.Samples.AutoCancellationToken.Aspect", "Caravela.Samples.AutoCancellationToken\Aspect\Caravela.Samples.AutoCancellationToken.Aspect.csproj", "{7CDAA9C8-FC2C-44DB-9305-A0E8D28A2297}"
EndProject
Project("{9A19103F-16F7-4668-BE54-9A1E7A4F7556}") = "Caravela.Samples.AutoCancellationToken.Program", "Caravela.Samples.AutoCancellationToken\Program\Caravela.Samples.AutoCancellationToken.Program.csproj", "{65E92ED9-48D3-48F4-9D20-883C3FCD1B5E}"
EndProject
Project("{9A19103F-16F7-4668-BE54-9A1E7A4F7556}") = "Caravela.Samples.AutoConfigureAwait.Aspect", "Caravela.Samples.AutoConfigureAwait\Aspect\Caravela.Samples.AutoConfigureAwait.Aspect.csproj", "{186445F6-5DAA-4721-81AD-9997AC72DF4B}"
EndProject
Project("{9A19103F-16F7-4668-BE54-9A1E7A4F7556}") = "Caravela.Samples.AutoConfigureAwait.Program", "Caravela.Samples.AutoConfigureAwait\Program\Caravela.Samples.AutoConfigureAwait.Program.csproj", "{BB012FB3-A6F3-46C3-81A2-102EF1734394}"
EndProject
Project("{2150E333-8FDC-42A3-9474-1A3956D46DE8}") = "TryCaravelaOnly", "TryCaravelaOnly", "{18B75FAE-0E73-4993-BBCA-990A773627FB}"
EndProject
Project("{9A19103F-16F7-4668-BE54-9A1E7A4F7556}") = "Caravela.Samples.LogAndCache", "Caravela.Samples.LogAndCache\Caravela.Samples.LogAndCache.csproj", "{54C56B58-2330-4DD7-8424-252E8F4DC94A}"
EndProject
Project("{9A19103F-16F7-4668-BE54-9A1E7A4F7556}") = "Caravela.Samples.NotifyPropertyChanged", "Caravela.Samples.NotifyPropertyChanged\Caravela.Samples.NotifyPropertyChanged.csproj", "{4C3B7819-14C9-481E-B2DA-0D4743A09F53}"
EndProject
Project("{9A19103F-16F7-4668-BE54-9A1E7A4F7556}") = "Caravela.Samples.DependencyInjection", "Caravela.Samples.DependencyInjection\Caravela.Samples.DependencyInjection.csproj", "{5554E541-F682-49E1-B6B0-C897601BD343}"
EndProject
Project("{9A19103F-16F7-4668-BE54-9A1E7A4F7556}") = "Caravela.Samples.Log.Tests", "Caravela.Samples.Log.Tests\Caravela.Samples.Log.Tests.csproj", "{F1E99AB1-371C-4771-B7F8-2E23726012DD}"
EndProject
Project("{9A19103F-16F7-4668-BE54-9A1E7A4F7556}") = "Caravela.Samples.LogParameters.Tests", "Caravela.Samples.LogParameters.Tests\Caravela.Samples.LogParameters.Tests.csproj", "{C3AD8D7D-E2F8-4ED5-BA03-DE1B5D5C2ECE}"
EndProject
Project("{9A19103F-16F7-4668-BE54-9A1E7A4F7556}") = "Caravela.Samples.Dirty", "Caravela.Samples.Dirty\Caravela.Samples.Dirty.csproj", "{416E879B-C871-4F4A-8A85-32BAE50A1556}"
EndProject
Project("{9A19103F-16F7-4668-BE54-9A1E7A4F7556}") = "Caravela.Samples.Clone", "Caravela.Samples.Clone\Caravela.Samples.Clone.csproj", "{928B94E1-9CA1-4EED-9A5B-F85A678A83D5}"
EndProject
Project("{2150E333-8FDC-42A3-9474-1A3956D46DE8}") = "Tests", "Tests", "{69DCF94D-98A9-4374-9329-D1463B8AC850}"
EndProject
Project("{FAE04EC0-301F-11D3-BF4B-00C04F79EFBC}") = "Caravela.Samples.ToString", "Caravela.Samples.ToString\Caravela.Samples.ToString.csproj", "{8FC92530-5E6F-4093-9BC1-68A887B9CAC4}"
EndProject
Global
	GlobalSection(SolutionConfigurationPlatforms) = preSolution
		Debug|Any CPU = Debug|Any CPU
		Release|Any CPU = Release|Any CPU
	EndGlobalSection
	GlobalSection(ProjectConfigurationPlatforms) = postSolution
		{C3E39A09-B14C-4447-B695-003B54D07D24}.Debug|Any CPU.ActiveCfg = Debug|Any CPU
		{C3E39A09-B14C-4447-B695-003B54D07D24}.Debug|Any CPU.Build.0 = Debug|Any CPU
		{C3E39A09-B14C-4447-B695-003B54D07D24}.Release|Any CPU.ActiveCfg = Release|Any CPU
		{C3E39A09-B14C-4447-B695-003B54D07D24}.Release|Any CPU.Build.0 = Release|Any CPU
		{CD066924-DA11-4FFB-9C89-5EAB619E2847}.Debug|Any CPU.ActiveCfg = Debug|Any CPU
		{CD066924-DA11-4FFB-9C89-5EAB619E2847}.Debug|Any CPU.Build.0 = Debug|Any CPU
		{CD066924-DA11-4FFB-9C89-5EAB619E2847}.Release|Any CPU.ActiveCfg = Release|Any CPU
		{CD066924-DA11-4FFB-9C89-5EAB619E2847}.Release|Any CPU.Build.0 = Release|Any CPU
		{3581C05C-A6B2-4D1A-B120-DF8DA46FC1EF}.Debug|Any CPU.ActiveCfg = Debug|Any CPU
		{3581C05C-A6B2-4D1A-B120-DF8DA46FC1EF}.Debug|Any CPU.Build.0 = Debug|Any CPU
		{3581C05C-A6B2-4D1A-B120-DF8DA46FC1EF}.Release|Any CPU.ActiveCfg = Release|Any CPU
		{3581C05C-A6B2-4D1A-B120-DF8DA46FC1EF}.Release|Any CPU.Build.0 = Release|Any CPU
		{A4352C61-E9B2-4736-B1C7-F87F3882B61F}.Debug|Any CPU.ActiveCfg = Debug|Any CPU
		{A4352C61-E9B2-4736-B1C7-F87F3882B61F}.Debug|Any CPU.Build.0 = Debug|Any CPU
		{A4352C61-E9B2-4736-B1C7-F87F3882B61F}.Release|Any CPU.ActiveCfg = Release|Any CPU
		{A4352C61-E9B2-4736-B1C7-F87F3882B61F}.Release|Any CPU.Build.0 = Release|Any CPU
		{8967B55C-2595-4455-9D16-DF144186B36E}.Debug|Any CPU.ActiveCfg = Debug|Any CPU
		{8967B55C-2595-4455-9D16-DF144186B36E}.Debug|Any CPU.Build.0 = Debug|Any CPU
		{8967B55C-2595-4455-9D16-DF144186B36E}.Release|Any CPU.ActiveCfg = Release|Any CPU
		{8967B55C-2595-4455-9D16-DF144186B36E}.Release|Any CPU.Build.0 = Release|Any CPU
		{7CDAA9C8-FC2C-44DB-9305-A0E8D28A2297}.Debug|Any CPU.ActiveCfg = Debug|Any CPU
		{7CDAA9C8-FC2C-44DB-9305-A0E8D28A2297}.Debug|Any CPU.Build.0 = Debug|Any CPU
		{7CDAA9C8-FC2C-44DB-9305-A0E8D28A2297}.Release|Any CPU.ActiveCfg = Release|Any CPU
		{7CDAA9C8-FC2C-44DB-9305-A0E8D28A2297}.Release|Any CPU.Build.0 = Release|Any CPU
		{65E92ED9-48D3-48F4-9D20-883C3FCD1B5E}.Debug|Any CPU.ActiveCfg = Debug|Any CPU
		{65E92ED9-48D3-48F4-9D20-883C3FCD1B5E}.Debug|Any CPU.Build.0 = Debug|Any CPU
		{65E92ED9-48D3-48F4-9D20-883C3FCD1B5E}.Release|Any CPU.ActiveCfg = Release|Any CPU
		{65E92ED9-48D3-48F4-9D20-883C3FCD1B5E}.Release|Any CPU.Build.0 = Release|Any CPU
		{186445F6-5DAA-4721-81AD-9997AC72DF4B}.Debug|Any CPU.ActiveCfg = Debug|Any CPU
		{186445F6-5DAA-4721-81AD-9997AC72DF4B}.Debug|Any CPU.Build.0 = Debug|Any CPU
		{186445F6-5DAA-4721-81AD-9997AC72DF4B}.Release|Any CPU.ActiveCfg = Release|Any CPU
		{186445F6-5DAA-4721-81AD-9997AC72DF4B}.Release|Any CPU.Build.0 = Release|Any CPU
		{BB012FB3-A6F3-46C3-81A2-102EF1734394}.Debug|Any CPU.ActiveCfg = Debug|Any CPU
		{BB012FB3-A6F3-46C3-81A2-102EF1734394}.Debug|Any CPU.Build.0 = Debug|Any CPU
		{BB012FB3-A6F3-46C3-81A2-102EF1734394}.Release|Any CPU.ActiveCfg = Release|Any CPU
		{BB012FB3-A6F3-46C3-81A2-102EF1734394}.Release|Any CPU.Build.0 = Release|Any CPU
		{54C56B58-2330-4DD7-8424-252E8F4DC94A}.Debug|Any CPU.ActiveCfg = Debug|Any CPU
		{54C56B58-2330-4DD7-8424-252E8F4DC94A}.Debug|Any CPU.Build.0 = Debug|Any CPU
		{54C56B58-2330-4DD7-8424-252E8F4DC94A}.Release|Any CPU.ActiveCfg = Release|Any CPU
		{54C56B58-2330-4DD7-8424-252E8F4DC94A}.Release|Any CPU.Build.0 = Release|Any CPU
		{4C3B7819-14C9-481E-B2DA-0D4743A09F53}.Debug|Any CPU.ActiveCfg = Debug|Any CPU
		{4C3B7819-14C9-481E-B2DA-0D4743A09F53}.Debug|Any CPU.Build.0 = Debug|Any CPU
		{4C3B7819-14C9-481E-B2DA-0D4743A09F53}.Release|Any CPU.ActiveCfg = Release|Any CPU
		{4C3B7819-14C9-481E-B2DA-0D4743A09F53}.Release|Any CPU.Build.0 = Release|Any CPU
		{5554E541-F682-49E1-B6B0-C897601BD343}.Debug|Any CPU.ActiveCfg = Debug|Any CPU
		{5554E541-F682-49E1-B6B0-C897601BD343}.Debug|Any CPU.Build.0 = Debug|Any CPU
		{5554E541-F682-49E1-B6B0-C897601BD343}.Release|Any CPU.ActiveCfg = Release|Any CPU
		{5554E541-F682-49E1-B6B0-C897601BD343}.Release|Any CPU.Build.0 = Release|Any CPU
		{F1E99AB1-371C-4771-B7F8-2E23726012DD}.Debug|Any CPU.ActiveCfg = Debug|Any CPU
		{F1E99AB1-371C-4771-B7F8-2E23726012DD}.Debug|Any CPU.Build.0 = Debug|Any CPU
		{F1E99AB1-371C-4771-B7F8-2E23726012DD}.Release|Any CPU.ActiveCfg = Release|Any CPU
		{F1E99AB1-371C-4771-B7F8-2E23726012DD}.Release|Any CPU.Build.0 = Release|Any CPU
		{C3AD8D7D-E2F8-4ED5-BA03-DE1B5D5C2ECE}.Debug|Any CPU.ActiveCfg = Debug|Any CPU
		{C3AD8D7D-E2F8-4ED5-BA03-DE1B5D5C2ECE}.Debug|Any CPU.Build.0 = Debug|Any CPU
		{C3AD8D7D-E2F8-4ED5-BA03-DE1B5D5C2ECE}.Release|Any CPU.ActiveCfg = Release|Any CPU
		{C3AD8D7D-E2F8-4ED5-BA03-DE1B5D5C2ECE}.Release|Any CPU.Build.0 = Release|Any CPU
		{416E879B-C871-4F4A-8A85-32BAE50A1556}.Debug|Any CPU.ActiveCfg = Debug|Any CPU
		{416E879B-C871-4F4A-8A85-32BAE50A1556}.Debug|Any CPU.Build.0 = Debug|Any CPU
		{416E879B-C871-4F4A-8A85-32BAE50A1556}.Release|Any CPU.ActiveCfg = Release|Any CPU
		{416E879B-C871-4F4A-8A85-32BAE50A1556}.Release|Any CPU.Build.0 = Release|Any CPU
		{928B94E1-9CA1-4EED-9A5B-F85A678A83D5}.Debug|Any CPU.ActiveCfg = Debug|Any CPU
		{928B94E1-9CA1-4EED-9A5B-F85A678A83D5}.Debug|Any CPU.Build.0 = Debug|Any CPU
		{928B94E1-9CA1-4EED-9A5B-F85A678A83D5}.Release|Any CPU.ActiveCfg = Release|Any CPU
		{928B94E1-9CA1-4EED-9A5B-F85A678A83D5}.Release|Any CPU.Build.0 = Release|Any CPU
		{8FC92530-5E6F-4093-9BC1-68A887B9CAC4}.Debug|Any CPU.ActiveCfg = Debug|Any CPU
		{8FC92530-5E6F-4093-9BC1-68A887B9CAC4}.Debug|Any CPU.Build.0 = Debug|Any CPU
		{8FC92530-5E6F-4093-9BC1-68A887B9CAC4}.Release|Any CPU.ActiveCfg = Release|Any CPU
		{8FC92530-5E6F-4093-9BC1-68A887B9CAC4}.Release|Any CPU.Build.0 = Release|Any CPU
	EndGlobalSection
	GlobalSection(SolutionProperties) = preSolution
		HideSolutionNode = FALSE
	EndGlobalSection
	GlobalSection(NestedProjects) = preSolution
		{7CDAA9C8-FC2C-44DB-9305-A0E8D28A2297} = {18B75FAE-0E73-4993-BBCA-990A773627FB}
		{65E92ED9-48D3-48F4-9D20-883C3FCD1B5E} = {18B75FAE-0E73-4993-BBCA-990A773627FB}
		{186445F6-5DAA-4721-81AD-9997AC72DF4B} = {18B75FAE-0E73-4993-BBCA-990A773627FB}
		{BB012FB3-A6F3-46C3-81A2-102EF1734394} = {18B75FAE-0E73-4993-BBCA-990A773627FB}
		{F1E99AB1-371C-4771-B7F8-2E23726012DD} = {69DCF94D-98A9-4374-9329-D1463B8AC850}
		{C3AD8D7D-E2F8-4ED5-BA03-DE1B5D5C2ECE} = {69DCF94D-98A9-4374-9329-D1463B8AC850}
	EndGlobalSection
	GlobalSection(ExtensibilityGlobals) = postSolution
		SolutionGuid = {BEE1D071-3DAD-415E-B763-05D3FA08B9F5}
	EndGlobalSection
EndGlobal
