
Microsoft Visual Studio Solution File, Format Version 12.00
# Visual Studio Version 17
VisualStudioVersion = 17.0.31903.59
MinimumVisualStudioVersion = 10.0.40219.1
Project("{9A19103F-16F7-4668-BE54-9A1E7A4F7556}") = "Metalama.Samples.Cache1", "examples\caching\caching-1\Metalama.Samples.Cache1.csproj", "{44CDD123-61AE-4A9C-B7B2-BB3072E6C01D}"
EndProject
Project("{9A19103F-16F7-4668-BE54-9A1E7A4F7556}") = "Metalama.Samples.Clone1", "examples\clone\clone-1\Metalama.Samples.Clone1.csproj", "{48FC05CB-86BA-4924-917C-9DD38F3485A1}"
EndProject
Project("{9A19103F-16F7-4668-BE54-9A1E7A4F7556}") = "Metalama.Samples.ChangeTracking1", "examples\change-tracking\change-tracking-1\Metalama.Samples.ChangeTracking1.csproj", "{5BFA206D-41CE-47DC-A4EE-B8959F8B5AEB}"
EndProject
Project("{9A19103F-16F7-4668-BE54-9A1E7A4F7556}") = "Metalama.Samples.ExceptionEnrich", "examples\exception-handling\enrich-exception\Metalama.Samples.ExceptionEnrich.csproj", "{A9A5F335-9830-44B5-AF77-B052203D7557}"
EndProject
Project("{9A19103F-16F7-4668-BE54-9A1E7A4F7556}") = "Metalama.Samples.EnumViewModel", "examples\enum-viewmodel\Metalama.Samples.EnumViewModel.csproj", "{6445B7D7-1CE2-4097-AE49-51F7E4B31327}"
EndProject
Project("{2150E333-8FDC-42A3-9474-1A3956D46DE8}") = "log", "log", "{DCB74618-ACBA-492D-B0E8-ADDCF054D9AB}"
EndProject
Project("{9A19103F-16F7-4668-BE54-9A1E7A4F7556}") = "Metalama.Samples.Log1", "examples\log\log-1\Metalama.Samples.Log1.csproj", "{CD11C312-1F1B-43FE-AA68-5DB7C5A291A9}"
EndProject
Project("{9A19103F-16F7-4668-BE54-9A1E7A4F7556}") = "Metalama.Samples.Log2", "examples\log\log-2\Metalama.Samples.Log2.csproj", "{FD3EE653-84FB-4104-8022-04EBCDC3CF51}"
EndProject
Project("{9A19103F-16F7-4668-BE54-9A1E7A4F7556}") = "Metalama.Samples.Log3", "examples\log\log-3\Metalama.Samples.Log3.csproj", "{90979880-AF30-452E-80F0-56C588E9EE1B}"
EndProject
Project("{2150E333-8FDC-42A3-9474-1A3956D46DE8}") = "notifypropertychanged", "notifypropertychanged", "{B0ADBBD1-23B8-4910-8B76-FF58A34A5E92}"
EndProject
Project("{9A19103F-16F7-4668-BE54-9A1E7A4F7556}") = "Metalama.Samples.NotifyPropertyChanged", "examples\notifypropertychanged\Metalama.Samples.NotifyPropertyChanged.csproj", "{C8C6D9A7-231E-4044-B343-9B4AA5E8130E}"
EndProject
Project("{9A19103F-16F7-4668-BE54-9A1E7A4F7556}") = "Metalama.Samples.Retry1", "examples\exception-handling\retry\retry-1\Metalama.Samples.Retry1.csproj", "{316C56F3-9CA8-4C37-85AD-4610C66D53F3}"
EndProject
Project("{2150E333-8FDC-42A3-9474-1A3956D46DE8}") = "tests", "tests", "{4348E5E8-0AEF-4ED9-A1CD-4034D6CE423C}"
EndProject
Project("{9A19103F-16F7-4668-BE54-9A1E7A4F7556}") = "Metalama.Samples.Clone2.Tests", "examples\tests\Metalama.Samples.Clone2.Tests\Metalama.Samples.Clone2.Tests.csproj", "{0BABE3DA-21E5-407E-AABC-F14CD6F61DB6}"
EndProject
Project("{9A19103F-16F7-4668-BE54-9A1E7A4F7556}") = "Metalama.Samples.Log2.Tests", "examples\tests\Metalama.Samples.Log2.Tests\Metalama.Samples.Log2.Tests.csproj", "{C7EC8353-5C89-4380-A535-FB90FCC97458}"
EndProject
Project("{9A19103F-16F7-4668-BE54-9A1E7A4F7556}") = "Metalama.Samples.Log3.Tests", "examples\tests\Metalama.Samples.Log3.Tests\Metalama.Samples.Log3.Tests.csproj", "{4DCB6077-34D5-44C3-9E71-D2A8A4F0A570}"
EndProject
Project("{2150E333-8FDC-42A3-9474-1A3956D46DE8}") = "tostring", "tostring", "{73B51082-DEDB-4224-B913-5A27AE7CE4FF}"
EndProject
Project("{9A19103F-16F7-4668-BE54-9A1E7A4F7556}") = "Metalama.Samples.ToString", "examples\tostring\tostring-1\Metalama.Samples.ToString.csproj", "{F29805E9-9257-4CD7-A688-7945818E0F89}"
EndProject
Project("{9A19103F-16F7-4668-BE54-9A1E7A4F7556}") = "Metalama.Samples.ToStringWithCodeFix", "examples\tostring\tostring-2\Metalama.Samples.ToStringWithCodeFix.csproj", "{D92737C1-EC6C-49BD-BB3B-24273217917B}"
EndProject
Project("{9A19103F-16F7-4668-BE54-9A1E7A4F7556}") = "Metalama.Samples.Log4", "examples\log\log-4\Metalama.Samples.Log4.csproj", "{E3622A30-F390-47A6-9E98-DD63E92528DC}"
EndProject
Project("{9A19103F-16F7-4668-BE54-9A1E7A4F7556}") = "Metalama.Samples.Log5.Tests", "examples\tests\Metalama.Samples.Log5.Tests\Metalama.Samples.Log5.Tests.csproj", "{3393B786-FBE3-4F3E-B3C4-482F0FF54888}"
EndProject
Project("{9A19103F-16F7-4668-BE54-9A1E7A4F7556}") = "Metalama.Samples.Log5", "examples\log\log-5\Metalama.Samples.Log5.csproj", "{AD03F92F-D808-4109-A977-725A81101563}"
EndProject
Project("{9A19103F-16F7-4668-BE54-9A1E7A4F7556}") = "Metalama.Samples.Log6", "examples\log\log-6\Metalama.Samples.Log6.csproj", "{480219FB-C497-4036-84EC-82949DACC68B}"
EndProject
Project("{2150E333-8FDC-42A3-9474-1A3956D46DE8}") = "retry", "retry", "{47451698-A2B9-4D25-8E05-FDBCABC1ACDA}"
EndProject
Project("{9A19103F-16F7-4668-BE54-9A1E7A4F7556}") = "Metalama.Samples.Retry2", "examples\exception-handling\retry\retry-2\Metalama.Samples.Retry2.csproj", "{0FD5314D-9680-4AFA-B6DA-22C3D38F1FF9}"
EndProject
Project("{9A19103F-16F7-4668-BE54-9A1E7A4F7556}") = "Metalama.Samples.Retry3", "examples\exception-handling\retry\retry-3\Metalama.Samples.Retry3.csproj", "{96AD489A-EAD6-4C4C-ACA9-5124DC06A013}"
EndProject
Project("{9A19103F-16F7-4668-BE54-9A1E7A4F7556}") = "Metalama.Samples.Retry4", "examples\exception-handling\retry\retry-4\Metalama.Samples.Retry4.csproj", "{9E47D1B7-CD6B-4917-AD85-554B069680A0}"
EndProject
Project("{9A19103F-16F7-4668-BE54-9A1E7A4F7556}") = "Metalama.Samples.Retry5", "examples\exception-handling\retry\retry-5\Metalama.Samples.Retry5.csproj", "{EFEE7211-7D60-48A7-85B1-8EE248A0B7CA}"
EndProject
Project("{2150E333-8FDC-42A3-9474-1A3956D46DE8}") = "exception-handling", "exception-handling", "{76F98450-261F-470C-903F-17ED0BB00357}"
EndProject
Project("{9A19103F-16F7-4668-BE54-9A1E7A4F7556}") = "Metalama.Samples.Log7", "examples\log\log-7\Metalama.Samples.Log7.csproj", "{422540C0-B083-4031-B796-271B0B69A2E5}"
EndProject
Project("{9A19103F-16F7-4668-BE54-9A1E7A4F7556}") = "Metalama.Samples.Log8", "examples\log\log-8\Metalama.Samples.Log8.csproj", "{E0F5A200-1A06-4277-A64D-E8DE12685403}"
EndProject
Project("{9A19103F-16F7-4668-BE54-9A1E7A4F7556}") = "Metalama.Samples.ReportAndSwallow", "examples\exception-handling\report-and-swallow\Metalama.Samples.ReportAndSwallow.csproj", "{453269BA-65F7-4D4F-BE0A-1D5455926608}"
EndProject
Project("{2150E333-8FDC-42A3-9474-1A3956D46DE8}") = "caching", "caching", "{77C66C48-66C7-4D6C-8816-D27CA316ED56}"
EndProject
Project("{9A19103F-16F7-4668-BE54-9A1E7A4F7556}") = "Metalama.Samples.Cache2", "examples\caching\caching-2\Metalama.Samples.Cache2.csproj", "{B8D41FD0-41A1-4E48-96AC-4F99B3AB4C41}"
EndProject
Project("{9A19103F-16F7-4668-BE54-9A1E7A4F7556}") = "Metalama.Samples.Caching2.Tests", "examples\tests\Metalama.Samples.Caching2.Tests\Metalama.Samples.Caching2.Tests.csproj", "{B5EB9D3F-0925-44D1-984D-67F5CC38ED45}"
EndProject
Project("{9A19103F-16F7-4668-BE54-9A1E7A4F7556}") = "Metalama.Samples.Cache3", "examples\caching\caching-3\Metalama.Samples.Cache3.csproj", "{1D0C6ABB-3703-4315-AD44-23807E73BA01}"
EndProject
Project("{9A19103F-16F7-4668-BE54-9A1E7A4F7556}") = "Metalama.Samples.Cache4", "examples\caching\caching-4\Metalama.Samples.Cache4.csproj", "{3B95178C-0455-4115-B533-69C09CEA8C1D}"
EndProject
Project("{2150E333-8FDC-42A3-9474-1A3956D46DE8}") = "change-tracking", "change-tracking", "{9B3FE904-D75E-41D1-B7C6-96D0A5A43081}"
EndProject
Project("{9A19103F-16F7-4668-BE54-9A1E7A4F7556}") = "Metalama.Samples.ChangeTracking2", "examples\change-tracking\change-tracking-2\Metalama.Samples.ChangeTracking2.csproj", "{AECA4EDD-A63B-4AB0-8D5B-7F07E591A9CA}"
EndProject
Project("{9A19103F-16F7-4668-BE54-9A1E7A4F7556}") = "Metalama.Samples.ChangeTracking2.Tests", "examples\tests\Metalama.Samples.ChangeTracking2.Tests\Metalama.Samples.ChangeTracking2.Tests.csproj", "{F886B0FC-AB80-45CB-ACE7-B51C50E6F9B4}"
EndProject
Project("{9A19103F-16F7-4668-BE54-9A1E7A4F7556}") = "Metalama.Samples.ChangeTracking3", "examples\change-tracking\change-tracking-3\Metalama.Samples.ChangeTracking3.csproj", "{63D02C34-4E24-45E7-A3CD-EF8ECE90D9D2}"
EndProject
Project("{9A19103F-16F7-4668-BE54-9A1E7A4F7556}") = "Metalama.Samples.ChangeTracking4", "examples\change-tracking\change-tracking-4\Metalama.Samples.ChangeTracking4.csproj", "{4913E93D-59F1-454D-9FA8-AD874CB78034}"
EndProject
Project("{2150E333-8FDC-42A3-9474-1A3956D46DE8}") = "clone", "clone", "{B83BDFAD-4481-4AE0-982C-2D6734C4AF25}"
EndProject
Project("{9A19103F-16F7-4668-BE54-9A1E7A4F7556}") = "Metalama.Samples.Clone2", "examples\clone\clone-2\Metalama.Samples.Clone2.csproj", "{8E5B0EA6-9C6F-49D2-AE94-3D1AF4527BBA}"
EndProject
Project("{9A19103F-16F7-4668-BE54-9A1E7A4F7556}") = "Metalama.Samples.Clone3", "examples\clone\clone-3\Metalama.Samples.Clone3.csproj", "{9A2AFB50-6B72-4AC4-9760-EFFFF19C554F}"
EndProject
Project("{9A19103F-16F7-4668-BE54-9A1E7A4F7556}") = "Metalama.Samples.Clone4", "examples\clone\clone-4\Metalama.Samples.Clone4.csproj", "{F085A769-5611-4A57-ACB4-09F0667106E5}"
EndProject
Project("{9A19103F-16F7-4668-BE54-9A1E7A4F7556}") = "Metalama.Documentation.QuickStart", "examples\quickstart\Metalama.Documentation.QuickStart.csproj", "{2A30033C-0CB4-4817-B805-D4D921724888}"
EndProject
Project("{2150E333-8FDC-42A3-9474-1A3956D46DE8}") = "sdk", "sdk", "{C47BBB65-4811-4856-BC95-88F1A5F501AC}"
EndProject
Project("{9A19103F-16F7-4668-BE54-9A1E7A4F7556}") = "notifypropertychanged-sdk-1", "examples\sdk\notifypropertychanged-sdk-1\notifypropertychanged-sdk-1.csproj", "{EB57CAB3-E207-4E50-BA50-45CAAD068BC7}"
EndProject
Project("{9A19103F-16F7-4668-BE54-9A1E7A4F7556}") = "notifypropertychanged-sdk-2", "examples\sdk\notifypropertychanged-sdk-2\notifypropertychanged-sdk-2.csproj", "{CD3F0981-296C-4821-8B46-013CA2DB2DBB}"
EndProject
Project("{2150E333-8FDC-42A3-9474-1A3956D46DE8}") = "singleton", "singleton", "{694C7F45-9994-46A7-8B7A-880688B50559}"
	ProjectSection(SolutionItems) = preProject
		examples\singleton\README.md = examples\singleton\README.md
	EndProjectSection
EndProject
Project("{9A19103F-16F7-4668-BE54-9A1E7A4F7556}") = "Metalama.Samples.Singleton1", "examples\singleton\singleton-1\Metalama.Samples.Singleton1.csproj", "{57B199B1-CD22-4B9F-93F0-41A26EBCC014}"
EndProject
Project("{2150E333-8FDC-42A3-9474-1A3956D46DE8}") = "Solution Items", "Solution Items", "{2E27C504-A200-4CAF-A9A7-7326327A475E}"
	ProjectSection(SolutionItems) = preProject
		global.json = global.json
	EndProjectSection
EndProject
Project("{9A19103F-16F7-4668-BE54-9A1E7A4F7556}") = "Metalama.Samples.Singleton1.Tests", "examples\tests\Metalama.Samples.Singleton1.Tests\Metalama.Samples.Singleton1.Tests.csproj", "{531F72A5-86E9-4D35-AD75-DCC5DE829207}"
EndProject
Project("{9A19103F-16F7-4668-BE54-9A1E7A4F7556}") = "Metalama.Samples.Singleton2", "examples\singleton\singleton-2\Metalama.Samples.Singleton2.csproj", "{5629569B-5A30-431F-87B0-6A1C7D3B9BE4}"
EndProject
Project("{9A19103F-16F7-4668-BE54-9A1E7A4F7556}") = "Metalama.Samples.Singleton2.Tests", "examples\tests\Metalama.Samples.Singleton2.Tests\Metalama.Samples.Singleton2.Tests.csproj", "{A41D07DC-B44C-4B21-B1A9-7F4B3E3AD035}"
EndProject
Project("{2150E333-8FDC-42A3-9474-1A3956D46DE8}") = "memento", "memento", "{61054CBB-7CBB-4BFA-9B01-4A0072ADF28D}"
EndProject
Project("{9A19103F-16F7-4668-BE54-9A1E7A4F7556}") = "Metalama.Samples.Memento1", "examples\memento\memento-1\Metalama.Samples.Memento1.csproj", "{652C25D5-921B-4F40-AA8D-F04D330F3137}"
EndProject
Project("{9A19103F-16F7-4668-BE54-9A1E7A4F7556}") = "Metalama.Samples.Singleton0", "examples\singleton\singleton-0\Metalama.Samples.Singleton0.csproj", "{FF399248-5500-4D69-ADFA-8428ABBE8D1B}"
EndProject
Project("{9A19103F-16F7-4668-BE54-9A1E7A4F7556}") = "Metalama.Samples.Memento2", "examples\memento\memento-2\Metalama.Samples.Memento2.csproj", "{709DF85F-9F13-44F4-9FB7-CA09616876A8}"
EndProject
Project("{2150E333-8FDC-42A3-9474-1A3956D46DE8}") = "validation", "validation", "{3C086025-224A-4648-8A9C-7EDCFDFEE581}"
EndProject
Project("{FAE04EC0-301F-11D3-BF4B-00C04F79EFBC}") = "Metalama.Samples.IgnoreValues", "examples\validation\ignore-values\Metalama.Samples.IgnoreValues.csproj", "{C8C2F96C-BFD8-4348-A703-3E096CE66459}"
EndProject
Project("{FAE04EC0-301F-11D3-BF4B-00C04F79EFBC}") = "Metalama.Samples.NormalizeStrings", "examples\validation\string-normalization\Metalama.Samples.NormalizeStrings.csproj", "{492D4201-A2A8-40C3-A29F-00752E85FFE3}"
EndProject
Project("{2150E333-8FDC-42A3-9474-1A3956D46DE8}") = "quickstart", "quickstart", "{BF372AB8-1FA3-436B-853D-F540B31CA28F}"
EndProject
Project("{2150E333-8FDC-42A3-9474-1A3956D46DE8}") = "viewmodel", "viewmodel", "{29922A1C-7D4B-47E1-A1E5-79F9BBD8C5D1}"
EndProject
Project("{2150E333-8FDC-42A3-9474-1A3956D46DE8}") = "builder", "builder", "{0C7AE1ED-34AF-4C36-892B-9B89948524E7}"
EndProject
Project("{9A19103F-16F7-4668-BE54-9A1E7A4F7556}") = "Metalama.Samples.Builder1", "examples\builder\builder-1\Metalama.Samples.Builder1.csproj", "{BF404B9F-F10C-4038-83C2-4D9856D78C5C}"
EndProject
Global
	GlobalSection(SolutionConfigurationPlatforms) = preSolution
		Debug|Any CPU = Debug|Any CPU
		LamaDebug|Any CPU = LamaDebug|Any CPU
		Release|Any CPU = Release|Any CPU
	EndGlobalSection
	GlobalSection(ProjectConfigurationPlatforms) = postSolution
		{44CDD123-61AE-4A9C-B7B2-BB3072E6C01D}.Debug|Any CPU.ActiveCfg = Debug|Any CPU
		{44CDD123-61AE-4A9C-B7B2-BB3072E6C01D}.Debug|Any CPU.Build.0 = Debug|Any CPU
		{44CDD123-61AE-4A9C-B7B2-BB3072E6C01D}.LamaDebug|Any CPU.ActiveCfg = LamaDebug|Any CPU
		{44CDD123-61AE-4A9C-B7B2-BB3072E6C01D}.LamaDebug|Any CPU.Build.0 = LamaDebug|Any CPU
		{44CDD123-61AE-4A9C-B7B2-BB3072E6C01D}.Release|Any CPU.ActiveCfg = Release|Any CPU
		{44CDD123-61AE-4A9C-B7B2-BB3072E6C01D}.Release|Any CPU.Build.0 = Release|Any CPU
		{48FC05CB-86BA-4924-917C-9DD38F3485A1}.Debug|Any CPU.ActiveCfg = Debug|Any CPU
		{48FC05CB-86BA-4924-917C-9DD38F3485A1}.Debug|Any CPU.Build.0 = Debug|Any CPU
		{48FC05CB-86BA-4924-917C-9DD38F3485A1}.LamaDebug|Any CPU.ActiveCfg = LamaDebug|Any CPU
		{48FC05CB-86BA-4924-917C-9DD38F3485A1}.LamaDebug|Any CPU.Build.0 = LamaDebug|Any CPU
		{48FC05CB-86BA-4924-917C-9DD38F3485A1}.Release|Any CPU.ActiveCfg = Release|Any CPU
		{48FC05CB-86BA-4924-917C-9DD38F3485A1}.Release|Any CPU.Build.0 = Release|Any CPU
		{5BFA206D-41CE-47DC-A4EE-B8959F8B5AEB}.Debug|Any CPU.ActiveCfg = Debug|Any CPU
		{5BFA206D-41CE-47DC-A4EE-B8959F8B5AEB}.Debug|Any CPU.Build.0 = Debug|Any CPU
		{5BFA206D-41CE-47DC-A4EE-B8959F8B5AEB}.LamaDebug|Any CPU.ActiveCfg = LamaDebug|Any CPU
		{5BFA206D-41CE-47DC-A4EE-B8959F8B5AEB}.LamaDebug|Any CPU.Build.0 = LamaDebug|Any CPU
		{5BFA206D-41CE-47DC-A4EE-B8959F8B5AEB}.Release|Any CPU.ActiveCfg = Release|Any CPU
		{5BFA206D-41CE-47DC-A4EE-B8959F8B5AEB}.Release|Any CPU.Build.0 = Release|Any CPU
		{A9A5F335-9830-44B5-AF77-B052203D7557}.Debug|Any CPU.ActiveCfg = Debug|Any CPU
		{A9A5F335-9830-44B5-AF77-B052203D7557}.Debug|Any CPU.Build.0 = Debug|Any CPU
		{A9A5F335-9830-44B5-AF77-B052203D7557}.LamaDebug|Any CPU.ActiveCfg = LamaDebug|Any CPU
		{A9A5F335-9830-44B5-AF77-B052203D7557}.LamaDebug|Any CPU.Build.0 = LamaDebug|Any CPU
		{A9A5F335-9830-44B5-AF77-B052203D7557}.Release|Any CPU.ActiveCfg = Release|Any CPU
		{A9A5F335-9830-44B5-AF77-B052203D7557}.Release|Any CPU.Build.0 = Release|Any CPU
		{6445B7D7-1CE2-4097-AE49-51F7E4B31327}.Debug|Any CPU.ActiveCfg = Debug|Any CPU
		{6445B7D7-1CE2-4097-AE49-51F7E4B31327}.Debug|Any CPU.Build.0 = Debug|Any CPU
		{6445B7D7-1CE2-4097-AE49-51F7E4B31327}.LamaDebug|Any CPU.ActiveCfg = LamaDebug|Any CPU
		{6445B7D7-1CE2-4097-AE49-51F7E4B31327}.LamaDebug|Any CPU.Build.0 = LamaDebug|Any CPU
		{6445B7D7-1CE2-4097-AE49-51F7E4B31327}.Release|Any CPU.ActiveCfg = Release|Any CPU
		{6445B7D7-1CE2-4097-AE49-51F7E4B31327}.Release|Any CPU.Build.0 = Release|Any CPU
		{CD11C312-1F1B-43FE-AA68-5DB7C5A291A9}.Debug|Any CPU.ActiveCfg = Debug|Any CPU
		{CD11C312-1F1B-43FE-AA68-5DB7C5A291A9}.Debug|Any CPU.Build.0 = Debug|Any CPU
		{CD11C312-1F1B-43FE-AA68-5DB7C5A291A9}.LamaDebug|Any CPU.ActiveCfg = LamaDebug|Any CPU
		{CD11C312-1F1B-43FE-AA68-5DB7C5A291A9}.LamaDebug|Any CPU.Build.0 = LamaDebug|Any CPU
		{CD11C312-1F1B-43FE-AA68-5DB7C5A291A9}.Release|Any CPU.ActiveCfg = Release|Any CPU
		{CD11C312-1F1B-43FE-AA68-5DB7C5A291A9}.Release|Any CPU.Build.0 = Release|Any CPU
		{FD3EE653-84FB-4104-8022-04EBCDC3CF51}.Debug|Any CPU.ActiveCfg = Debug|Any CPU
		{FD3EE653-84FB-4104-8022-04EBCDC3CF51}.Debug|Any CPU.Build.0 = Debug|Any CPU
		{FD3EE653-84FB-4104-8022-04EBCDC3CF51}.LamaDebug|Any CPU.ActiveCfg = LamaDebug|Any CPU
		{FD3EE653-84FB-4104-8022-04EBCDC3CF51}.LamaDebug|Any CPU.Build.0 = LamaDebug|Any CPU
		{FD3EE653-84FB-4104-8022-04EBCDC3CF51}.Release|Any CPU.ActiveCfg = Release|Any CPU
		{FD3EE653-84FB-4104-8022-04EBCDC3CF51}.Release|Any CPU.Build.0 = Release|Any CPU
		{90979880-AF30-452E-80F0-56C588E9EE1B}.Debug|Any CPU.ActiveCfg = Debug|Any CPU
		{90979880-AF30-452E-80F0-56C588E9EE1B}.Debug|Any CPU.Build.0 = Debug|Any CPU
		{90979880-AF30-452E-80F0-56C588E9EE1B}.LamaDebug|Any CPU.ActiveCfg = LamaDebug|Any CPU
		{90979880-AF30-452E-80F0-56C588E9EE1B}.LamaDebug|Any CPU.Build.0 = LamaDebug|Any CPU
		{90979880-AF30-452E-80F0-56C588E9EE1B}.Release|Any CPU.ActiveCfg = Release|Any CPU
		{90979880-AF30-452E-80F0-56C588E9EE1B}.Release|Any CPU.Build.0 = Release|Any CPU
		{C8C6D9A7-231E-4044-B343-9B4AA5E8130E}.Debug|Any CPU.ActiveCfg = Debug|Any CPU
		{C8C6D9A7-231E-4044-B343-9B4AA5E8130E}.Debug|Any CPU.Build.0 = Debug|Any CPU
		{C8C6D9A7-231E-4044-B343-9B4AA5E8130E}.LamaDebug|Any CPU.ActiveCfg = LamaDebug|Any CPU
		{C8C6D9A7-231E-4044-B343-9B4AA5E8130E}.LamaDebug|Any CPU.Build.0 = LamaDebug|Any CPU
		{C8C6D9A7-231E-4044-B343-9B4AA5E8130E}.Release|Any CPU.ActiveCfg = Release|Any CPU
		{C8C6D9A7-231E-4044-B343-9B4AA5E8130E}.Release|Any CPU.Build.0 = Release|Any CPU
		{316C56F3-9CA8-4C37-85AD-4610C66D53F3}.Debug|Any CPU.ActiveCfg = Debug|Any CPU
		{316C56F3-9CA8-4C37-85AD-4610C66D53F3}.Debug|Any CPU.Build.0 = Debug|Any CPU
		{316C56F3-9CA8-4C37-85AD-4610C66D53F3}.LamaDebug|Any CPU.ActiveCfg = LamaDebug|Any CPU
		{316C56F3-9CA8-4C37-85AD-4610C66D53F3}.LamaDebug|Any CPU.Build.0 = LamaDebug|Any CPU
		{316C56F3-9CA8-4C37-85AD-4610C66D53F3}.Release|Any CPU.ActiveCfg = Release|Any CPU
		{316C56F3-9CA8-4C37-85AD-4610C66D53F3}.Release|Any CPU.Build.0 = Release|Any CPU
		{0BABE3DA-21E5-407E-AABC-F14CD6F61DB6}.Debug|Any CPU.ActiveCfg = Debug|Any CPU
		{0BABE3DA-21E5-407E-AABC-F14CD6F61DB6}.Debug|Any CPU.Build.0 = Debug|Any CPU
		{0BABE3DA-21E5-407E-AABC-F14CD6F61DB6}.LamaDebug|Any CPU.ActiveCfg = LamaDebug|Any CPU
		{0BABE3DA-21E5-407E-AABC-F14CD6F61DB6}.LamaDebug|Any CPU.Build.0 = LamaDebug|Any CPU
		{0BABE3DA-21E5-407E-AABC-F14CD6F61DB6}.Release|Any CPU.ActiveCfg = Release|Any CPU
		{0BABE3DA-21E5-407E-AABC-F14CD6F61DB6}.Release|Any CPU.Build.0 = Release|Any CPU
		{C7EC8353-5C89-4380-A535-FB90FCC97458}.Debug|Any CPU.ActiveCfg = Debug|Any CPU
		{C7EC8353-5C89-4380-A535-FB90FCC97458}.Debug|Any CPU.Build.0 = Debug|Any CPU
		{C7EC8353-5C89-4380-A535-FB90FCC97458}.LamaDebug|Any CPU.ActiveCfg = LamaDebug|Any CPU
		{C7EC8353-5C89-4380-A535-FB90FCC97458}.LamaDebug|Any CPU.Build.0 = LamaDebug|Any CPU
		{C7EC8353-5C89-4380-A535-FB90FCC97458}.Release|Any CPU.ActiveCfg = Release|Any CPU
		{C7EC8353-5C89-4380-A535-FB90FCC97458}.Release|Any CPU.Build.0 = Release|Any CPU
		{4DCB6077-34D5-44C3-9E71-D2A8A4F0A570}.Debug|Any CPU.ActiveCfg = Debug|Any CPU
		{4DCB6077-34D5-44C3-9E71-D2A8A4F0A570}.Debug|Any CPU.Build.0 = Debug|Any CPU
		{4DCB6077-34D5-44C3-9E71-D2A8A4F0A570}.LamaDebug|Any CPU.ActiveCfg = LamaDebug|Any CPU
		{4DCB6077-34D5-44C3-9E71-D2A8A4F0A570}.LamaDebug|Any CPU.Build.0 = LamaDebug|Any CPU
		{4DCB6077-34D5-44C3-9E71-D2A8A4F0A570}.Release|Any CPU.ActiveCfg = Release|Any CPU
		{4DCB6077-34D5-44C3-9E71-D2A8A4F0A570}.Release|Any CPU.Build.0 = Release|Any CPU
		{F29805E9-9257-4CD7-A688-7945818E0F89}.Debug|Any CPU.ActiveCfg = Debug|Any CPU
		{F29805E9-9257-4CD7-A688-7945818E0F89}.Debug|Any CPU.Build.0 = Debug|Any CPU
		{F29805E9-9257-4CD7-A688-7945818E0F89}.LamaDebug|Any CPU.ActiveCfg = LamaDebug|Any CPU
		{F29805E9-9257-4CD7-A688-7945818E0F89}.LamaDebug|Any CPU.Build.0 = LamaDebug|Any CPU
		{F29805E9-9257-4CD7-A688-7945818E0F89}.Release|Any CPU.ActiveCfg = Release|Any CPU
		{F29805E9-9257-4CD7-A688-7945818E0F89}.Release|Any CPU.Build.0 = Release|Any CPU
		{D92737C1-EC6C-49BD-BB3B-24273217917B}.Debug|Any CPU.ActiveCfg = Debug|Any CPU
		{D92737C1-EC6C-49BD-BB3B-24273217917B}.Debug|Any CPU.Build.0 = Debug|Any CPU
		{D92737C1-EC6C-49BD-BB3B-24273217917B}.LamaDebug|Any CPU.ActiveCfg = LamaDebug|Any CPU
		{D92737C1-EC6C-49BD-BB3B-24273217917B}.LamaDebug|Any CPU.Build.0 = LamaDebug|Any CPU
		{D92737C1-EC6C-49BD-BB3B-24273217917B}.Release|Any CPU.ActiveCfg = Release|Any CPU
		{D92737C1-EC6C-49BD-BB3B-24273217917B}.Release|Any CPU.Build.0 = Release|Any CPU
		{E3622A30-F390-47A6-9E98-DD63E92528DC}.Debug|Any CPU.ActiveCfg = Debug|Any CPU
		{E3622A30-F390-47A6-9E98-DD63E92528DC}.Debug|Any CPU.Build.0 = Debug|Any CPU
		{E3622A30-F390-47A6-9E98-DD63E92528DC}.LamaDebug|Any CPU.ActiveCfg = LamaDebug|Any CPU
		{E3622A30-F390-47A6-9E98-DD63E92528DC}.LamaDebug|Any CPU.Build.0 = LamaDebug|Any CPU
		{E3622A30-F390-47A6-9E98-DD63E92528DC}.Release|Any CPU.ActiveCfg = Release|Any CPU
		{E3622A30-F390-47A6-9E98-DD63E92528DC}.Release|Any CPU.Build.0 = Release|Any CPU
		{3393B786-FBE3-4F3E-B3C4-482F0FF54888}.Debug|Any CPU.ActiveCfg = Debug|Any CPU
		{3393B786-FBE3-4F3E-B3C4-482F0FF54888}.Debug|Any CPU.Build.0 = Debug|Any CPU
		{3393B786-FBE3-4F3E-B3C4-482F0FF54888}.LamaDebug|Any CPU.ActiveCfg = LamaDebug|Any CPU
		{3393B786-FBE3-4F3E-B3C4-482F0FF54888}.LamaDebug|Any CPU.Build.0 = LamaDebug|Any CPU
		{3393B786-FBE3-4F3E-B3C4-482F0FF54888}.Release|Any CPU.ActiveCfg = Release|Any CPU
		{3393B786-FBE3-4F3E-B3C4-482F0FF54888}.Release|Any CPU.Build.0 = Release|Any CPU
		{AD03F92F-D808-4109-A977-725A81101563}.Debug|Any CPU.ActiveCfg = Debug|Any CPU
		{AD03F92F-D808-4109-A977-725A81101563}.Debug|Any CPU.Build.0 = Debug|Any CPU
		{AD03F92F-D808-4109-A977-725A81101563}.LamaDebug|Any CPU.ActiveCfg = LamaDebug|Any CPU
		{AD03F92F-D808-4109-A977-725A81101563}.LamaDebug|Any CPU.Build.0 = LamaDebug|Any CPU
		{AD03F92F-D808-4109-A977-725A81101563}.Release|Any CPU.ActiveCfg = Release|Any CPU
		{AD03F92F-D808-4109-A977-725A81101563}.Release|Any CPU.Build.0 = Release|Any CPU
		{480219FB-C497-4036-84EC-82949DACC68B}.Debug|Any CPU.ActiveCfg = Debug|Any CPU
		{480219FB-C497-4036-84EC-82949DACC68B}.Debug|Any CPU.Build.0 = Debug|Any CPU
		{480219FB-C497-4036-84EC-82949DACC68B}.LamaDebug|Any CPU.ActiveCfg = LamaDebug|Any CPU
		{480219FB-C497-4036-84EC-82949DACC68B}.LamaDebug|Any CPU.Build.0 = LamaDebug|Any CPU
		{480219FB-C497-4036-84EC-82949DACC68B}.Release|Any CPU.ActiveCfg = Release|Any CPU
		{480219FB-C497-4036-84EC-82949DACC68B}.Release|Any CPU.Build.0 = Release|Any CPU
		{0FD5314D-9680-4AFA-B6DA-22C3D38F1FF9}.Debug|Any CPU.ActiveCfg = Debug|Any CPU
		{0FD5314D-9680-4AFA-B6DA-22C3D38F1FF9}.Debug|Any CPU.Build.0 = Debug|Any CPU
		{0FD5314D-9680-4AFA-B6DA-22C3D38F1FF9}.LamaDebug|Any CPU.ActiveCfg = LamaDebug|Any CPU
		{0FD5314D-9680-4AFA-B6DA-22C3D38F1FF9}.LamaDebug|Any CPU.Build.0 = LamaDebug|Any CPU
		{0FD5314D-9680-4AFA-B6DA-22C3D38F1FF9}.Release|Any CPU.ActiveCfg = Release|Any CPU
		{0FD5314D-9680-4AFA-B6DA-22C3D38F1FF9}.Release|Any CPU.Build.0 = Release|Any CPU
		{96AD489A-EAD6-4C4C-ACA9-5124DC06A013}.Debug|Any CPU.ActiveCfg = Debug|Any CPU
		{96AD489A-EAD6-4C4C-ACA9-5124DC06A013}.Debug|Any CPU.Build.0 = Debug|Any CPU
		{96AD489A-EAD6-4C4C-ACA9-5124DC06A013}.LamaDebug|Any CPU.ActiveCfg = LamaDebug|Any CPU
		{96AD489A-EAD6-4C4C-ACA9-5124DC06A013}.LamaDebug|Any CPU.Build.0 = LamaDebug|Any CPU
		{96AD489A-EAD6-4C4C-ACA9-5124DC06A013}.Release|Any CPU.ActiveCfg = Release|Any CPU
		{96AD489A-EAD6-4C4C-ACA9-5124DC06A013}.Release|Any CPU.Build.0 = Release|Any CPU
		{9E47D1B7-CD6B-4917-AD85-554B069680A0}.Debug|Any CPU.ActiveCfg = Debug|Any CPU
		{9E47D1B7-CD6B-4917-AD85-554B069680A0}.Debug|Any CPU.Build.0 = Debug|Any CPU
		{9E47D1B7-CD6B-4917-AD85-554B069680A0}.LamaDebug|Any CPU.ActiveCfg = LamaDebug|Any CPU
		{9E47D1B7-CD6B-4917-AD85-554B069680A0}.LamaDebug|Any CPU.Build.0 = LamaDebug|Any CPU
		{9E47D1B7-CD6B-4917-AD85-554B069680A0}.Release|Any CPU.ActiveCfg = Release|Any CPU
		{9E47D1B7-CD6B-4917-AD85-554B069680A0}.Release|Any CPU.Build.0 = Release|Any CPU
		{EFEE7211-7D60-48A7-85B1-8EE248A0B7CA}.Debug|Any CPU.ActiveCfg = Debug|Any CPU
		{EFEE7211-7D60-48A7-85B1-8EE248A0B7CA}.Debug|Any CPU.Build.0 = Debug|Any CPU
		{EFEE7211-7D60-48A7-85B1-8EE248A0B7CA}.LamaDebug|Any CPU.ActiveCfg = LamaDebug|Any CPU
		{EFEE7211-7D60-48A7-85B1-8EE248A0B7CA}.LamaDebug|Any CPU.Build.0 = LamaDebug|Any CPU
		{EFEE7211-7D60-48A7-85B1-8EE248A0B7CA}.Release|Any CPU.ActiveCfg = Release|Any CPU
		{EFEE7211-7D60-48A7-85B1-8EE248A0B7CA}.Release|Any CPU.Build.0 = Release|Any CPU
		{422540C0-B083-4031-B796-271B0B69A2E5}.Debug|Any CPU.ActiveCfg = Debug|Any CPU
		{422540C0-B083-4031-B796-271B0B69A2E5}.Debug|Any CPU.Build.0 = Debug|Any CPU
		{422540C0-B083-4031-B796-271B0B69A2E5}.LamaDebug|Any CPU.ActiveCfg = LamaDebug|Any CPU
		{422540C0-B083-4031-B796-271B0B69A2E5}.LamaDebug|Any CPU.Build.0 = LamaDebug|Any CPU
		{422540C0-B083-4031-B796-271B0B69A2E5}.Release|Any CPU.ActiveCfg = Release|Any CPU
		{422540C0-B083-4031-B796-271B0B69A2E5}.Release|Any CPU.Build.0 = Release|Any CPU
		{E0F5A200-1A06-4277-A64D-E8DE12685403}.Debug|Any CPU.ActiveCfg = Debug|Any CPU
		{E0F5A200-1A06-4277-A64D-E8DE12685403}.Debug|Any CPU.Build.0 = Debug|Any CPU
		{E0F5A200-1A06-4277-A64D-E8DE12685403}.LamaDebug|Any CPU.ActiveCfg = LamaDebug|Any CPU
		{E0F5A200-1A06-4277-A64D-E8DE12685403}.LamaDebug|Any CPU.Build.0 = LamaDebug|Any CPU
		{E0F5A200-1A06-4277-A64D-E8DE12685403}.Release|Any CPU.ActiveCfg = Release|Any CPU
		{E0F5A200-1A06-4277-A64D-E8DE12685403}.Release|Any CPU.Build.0 = Release|Any CPU
		{453269BA-65F7-4D4F-BE0A-1D5455926608}.Debug|Any CPU.ActiveCfg = Debug|Any CPU
		{453269BA-65F7-4D4F-BE0A-1D5455926608}.Debug|Any CPU.Build.0 = Debug|Any CPU
		{453269BA-65F7-4D4F-BE0A-1D5455926608}.LamaDebug|Any CPU.ActiveCfg = LamaDebug|Any CPU
		{453269BA-65F7-4D4F-BE0A-1D5455926608}.LamaDebug|Any CPU.Build.0 = LamaDebug|Any CPU
		{453269BA-65F7-4D4F-BE0A-1D5455926608}.Release|Any CPU.ActiveCfg = Release|Any CPU
		{453269BA-65F7-4D4F-BE0A-1D5455926608}.Release|Any CPU.Build.0 = Release|Any CPU
		{B8D41FD0-41A1-4E48-96AC-4F99B3AB4C41}.Debug|Any CPU.ActiveCfg = Debug|Any CPU
		{B8D41FD0-41A1-4E48-96AC-4F99B3AB4C41}.Debug|Any CPU.Build.0 = Debug|Any CPU
		{B8D41FD0-41A1-4E48-96AC-4F99B3AB4C41}.LamaDebug|Any CPU.ActiveCfg = LamaDebug|Any CPU
		{B8D41FD0-41A1-4E48-96AC-4F99B3AB4C41}.LamaDebug|Any CPU.Build.0 = LamaDebug|Any CPU
		{B8D41FD0-41A1-4E48-96AC-4F99B3AB4C41}.Release|Any CPU.ActiveCfg = Release|Any CPU
		{B8D41FD0-41A1-4E48-96AC-4F99B3AB4C41}.Release|Any CPU.Build.0 = Release|Any CPU
		{B5EB9D3F-0925-44D1-984D-67F5CC38ED45}.Debug|Any CPU.ActiveCfg = Debug|Any CPU
		{B5EB9D3F-0925-44D1-984D-67F5CC38ED45}.Debug|Any CPU.Build.0 = Debug|Any CPU
		{B5EB9D3F-0925-44D1-984D-67F5CC38ED45}.LamaDebug|Any CPU.ActiveCfg = LamaDebug|Any CPU
		{B5EB9D3F-0925-44D1-984D-67F5CC38ED45}.LamaDebug|Any CPU.Build.0 = LamaDebug|Any CPU
		{B5EB9D3F-0925-44D1-984D-67F5CC38ED45}.Release|Any CPU.ActiveCfg = Release|Any CPU
		{B5EB9D3F-0925-44D1-984D-67F5CC38ED45}.Release|Any CPU.Build.0 = Release|Any CPU
		{1D0C6ABB-3703-4315-AD44-23807E73BA01}.Debug|Any CPU.ActiveCfg = Debug|Any CPU
		{1D0C6ABB-3703-4315-AD44-23807E73BA01}.Debug|Any CPU.Build.0 = Debug|Any CPU
		{1D0C6ABB-3703-4315-AD44-23807E73BA01}.LamaDebug|Any CPU.ActiveCfg = LamaDebug|Any CPU
		{1D0C6ABB-3703-4315-AD44-23807E73BA01}.LamaDebug|Any CPU.Build.0 = LamaDebug|Any CPU
		{1D0C6ABB-3703-4315-AD44-23807E73BA01}.Release|Any CPU.ActiveCfg = Release|Any CPU
		{1D0C6ABB-3703-4315-AD44-23807E73BA01}.Release|Any CPU.Build.0 = Release|Any CPU
		{3B95178C-0455-4115-B533-69C09CEA8C1D}.Debug|Any CPU.ActiveCfg = Debug|Any CPU
		{3B95178C-0455-4115-B533-69C09CEA8C1D}.Debug|Any CPU.Build.0 = Debug|Any CPU
		{3B95178C-0455-4115-B533-69C09CEA8C1D}.LamaDebug|Any CPU.ActiveCfg = LamaDebug|Any CPU
		{3B95178C-0455-4115-B533-69C09CEA8C1D}.LamaDebug|Any CPU.Build.0 = LamaDebug|Any CPU
		{3B95178C-0455-4115-B533-69C09CEA8C1D}.Release|Any CPU.ActiveCfg = Release|Any CPU
		{3B95178C-0455-4115-B533-69C09CEA8C1D}.Release|Any CPU.Build.0 = Release|Any CPU
		{AECA4EDD-A63B-4AB0-8D5B-7F07E591A9CA}.Debug|Any CPU.ActiveCfg = Debug|Any CPU
		{AECA4EDD-A63B-4AB0-8D5B-7F07E591A9CA}.Debug|Any CPU.Build.0 = Debug|Any CPU
		{AECA4EDD-A63B-4AB0-8D5B-7F07E591A9CA}.LamaDebug|Any CPU.ActiveCfg = LamaDebug|Any CPU
		{AECA4EDD-A63B-4AB0-8D5B-7F07E591A9CA}.LamaDebug|Any CPU.Build.0 = LamaDebug|Any CPU
		{AECA4EDD-A63B-4AB0-8D5B-7F07E591A9CA}.Release|Any CPU.ActiveCfg = Release|Any CPU
		{AECA4EDD-A63B-4AB0-8D5B-7F07E591A9CA}.Release|Any CPU.Build.0 = Release|Any CPU
		{F886B0FC-AB80-45CB-ACE7-B51C50E6F9B4}.Debug|Any CPU.ActiveCfg = Debug|Any CPU
		{F886B0FC-AB80-45CB-ACE7-B51C50E6F9B4}.Debug|Any CPU.Build.0 = Debug|Any CPU
		{F886B0FC-AB80-45CB-ACE7-B51C50E6F9B4}.LamaDebug|Any CPU.ActiveCfg = LamaDebug|Any CPU
		{F886B0FC-AB80-45CB-ACE7-B51C50E6F9B4}.LamaDebug|Any CPU.Build.0 = LamaDebug|Any CPU
		{F886B0FC-AB80-45CB-ACE7-B51C50E6F9B4}.Release|Any CPU.ActiveCfg = Release|Any CPU
		{F886B0FC-AB80-45CB-ACE7-B51C50E6F9B4}.Release|Any CPU.Build.0 = Release|Any CPU
		{63D02C34-4E24-45E7-A3CD-EF8ECE90D9D2}.Debug|Any CPU.ActiveCfg = Debug|Any CPU
		{63D02C34-4E24-45E7-A3CD-EF8ECE90D9D2}.Debug|Any CPU.Build.0 = Debug|Any CPU
		{63D02C34-4E24-45E7-A3CD-EF8ECE90D9D2}.LamaDebug|Any CPU.ActiveCfg = LamaDebug|Any CPU
		{63D02C34-4E24-45E7-A3CD-EF8ECE90D9D2}.LamaDebug|Any CPU.Build.0 = LamaDebug|Any CPU
		{63D02C34-4E24-45E7-A3CD-EF8ECE90D9D2}.Release|Any CPU.ActiveCfg = Release|Any CPU
		{63D02C34-4E24-45E7-A3CD-EF8ECE90D9D2}.Release|Any CPU.Build.0 = Release|Any CPU
		{4913E93D-59F1-454D-9FA8-AD874CB78034}.Debug|Any CPU.ActiveCfg = Debug|Any CPU
		{4913E93D-59F1-454D-9FA8-AD874CB78034}.Debug|Any CPU.Build.0 = Debug|Any CPU
		{4913E93D-59F1-454D-9FA8-AD874CB78034}.LamaDebug|Any CPU.ActiveCfg = LamaDebug|Any CPU
		{4913E93D-59F1-454D-9FA8-AD874CB78034}.LamaDebug|Any CPU.Build.0 = LamaDebug|Any CPU
		{4913E93D-59F1-454D-9FA8-AD874CB78034}.Release|Any CPU.ActiveCfg = Release|Any CPU
		{4913E93D-59F1-454D-9FA8-AD874CB78034}.Release|Any CPU.Build.0 = Release|Any CPU
		{8E5B0EA6-9C6F-49D2-AE94-3D1AF4527BBA}.Debug|Any CPU.ActiveCfg = Debug|Any CPU
		{8E5B0EA6-9C6F-49D2-AE94-3D1AF4527BBA}.Debug|Any CPU.Build.0 = Debug|Any CPU
		{8E5B0EA6-9C6F-49D2-AE94-3D1AF4527BBA}.LamaDebug|Any CPU.ActiveCfg = LamaDebug|Any CPU
		{8E5B0EA6-9C6F-49D2-AE94-3D1AF4527BBA}.LamaDebug|Any CPU.Build.0 = LamaDebug|Any CPU
		{8E5B0EA6-9C6F-49D2-AE94-3D1AF4527BBA}.Release|Any CPU.ActiveCfg = Release|Any CPU
		{8E5B0EA6-9C6F-49D2-AE94-3D1AF4527BBA}.Release|Any CPU.Build.0 = Release|Any CPU
		{9A2AFB50-6B72-4AC4-9760-EFFFF19C554F}.Debug|Any CPU.ActiveCfg = Debug|Any CPU
		{9A2AFB50-6B72-4AC4-9760-EFFFF19C554F}.Debug|Any CPU.Build.0 = Debug|Any CPU
		{9A2AFB50-6B72-4AC4-9760-EFFFF19C554F}.LamaDebug|Any CPU.ActiveCfg = LamaDebug|Any CPU
		{9A2AFB50-6B72-4AC4-9760-EFFFF19C554F}.LamaDebug|Any CPU.Build.0 = LamaDebug|Any CPU
		{9A2AFB50-6B72-4AC4-9760-EFFFF19C554F}.Release|Any CPU.ActiveCfg = Release|Any CPU
		{9A2AFB50-6B72-4AC4-9760-EFFFF19C554F}.Release|Any CPU.Build.0 = Release|Any CPU
		{F085A769-5611-4A57-ACB4-09F0667106E5}.Debug|Any CPU.ActiveCfg = Debug|Any CPU
		{F085A769-5611-4A57-ACB4-09F0667106E5}.Debug|Any CPU.Build.0 = Debug|Any CPU
		{F085A769-5611-4A57-ACB4-09F0667106E5}.LamaDebug|Any CPU.ActiveCfg = LamaDebug|Any CPU
		{F085A769-5611-4A57-ACB4-09F0667106E5}.LamaDebug|Any CPU.Build.0 = LamaDebug|Any CPU
		{F085A769-5611-4A57-ACB4-09F0667106E5}.Release|Any CPU.ActiveCfg = Release|Any CPU
		{F085A769-5611-4A57-ACB4-09F0667106E5}.Release|Any CPU.Build.0 = Release|Any CPU
		{2A30033C-0CB4-4817-B805-D4D921724888}.Debug|Any CPU.ActiveCfg = Debug|Any CPU
		{2A30033C-0CB4-4817-B805-D4D921724888}.Debug|Any CPU.Build.0 = Debug|Any CPU
		{2A30033C-0CB4-4817-B805-D4D921724888}.LamaDebug|Any CPU.ActiveCfg = LamaDebug|Any CPU
		{2A30033C-0CB4-4817-B805-D4D921724888}.LamaDebug|Any CPU.Build.0 = LamaDebug|Any CPU
		{2A30033C-0CB4-4817-B805-D4D921724888}.Release|Any CPU.ActiveCfg = Release|Any CPU
		{2A30033C-0CB4-4817-B805-D4D921724888}.Release|Any CPU.Build.0 = Release|Any CPU
		{EB57CAB3-E207-4E50-BA50-45CAAD068BC7}.Debug|Any CPU.ActiveCfg = Debug|Any CPU
		{EB57CAB3-E207-4E50-BA50-45CAAD068BC7}.Debug|Any CPU.Build.0 = Debug|Any CPU
		{EB57CAB3-E207-4E50-BA50-45CAAD068BC7}.LamaDebug|Any CPU.ActiveCfg = LamaDebug|Any CPU
		{EB57CAB3-E207-4E50-BA50-45CAAD068BC7}.LamaDebug|Any CPU.Build.0 = LamaDebug|Any CPU
		{EB57CAB3-E207-4E50-BA50-45CAAD068BC7}.Release|Any CPU.ActiveCfg = Release|Any CPU
		{EB57CAB3-E207-4E50-BA50-45CAAD068BC7}.Release|Any CPU.Build.0 = Release|Any CPU
		{CD3F0981-296C-4821-8B46-013CA2DB2DBB}.Debug|Any CPU.ActiveCfg = Debug|Any CPU
		{CD3F0981-296C-4821-8B46-013CA2DB2DBB}.Debug|Any CPU.Build.0 = Debug|Any CPU
		{CD3F0981-296C-4821-8B46-013CA2DB2DBB}.LamaDebug|Any CPU.ActiveCfg = LamaDebug|Any CPU
		{CD3F0981-296C-4821-8B46-013CA2DB2DBB}.LamaDebug|Any CPU.Build.0 = LamaDebug|Any CPU
		{CD3F0981-296C-4821-8B46-013CA2DB2DBB}.Release|Any CPU.ActiveCfg = Release|Any CPU
		{CD3F0981-296C-4821-8B46-013CA2DB2DBB}.Release|Any CPU.Build.0 = Release|Any CPU
		{57B199B1-CD22-4B9F-93F0-41A26EBCC014}.Debug|Any CPU.ActiveCfg = Debug|Any CPU
		{57B199B1-CD22-4B9F-93F0-41A26EBCC014}.Debug|Any CPU.Build.0 = Debug|Any CPU
		{57B199B1-CD22-4B9F-93F0-41A26EBCC014}.LamaDebug|Any CPU.ActiveCfg = LamaDebug|Any CPU
		{57B199B1-CD22-4B9F-93F0-41A26EBCC014}.LamaDebug|Any CPU.Build.0 = LamaDebug|Any CPU
		{57B199B1-CD22-4B9F-93F0-41A26EBCC014}.Release|Any CPU.ActiveCfg = Release|Any CPU
		{57B199B1-CD22-4B9F-93F0-41A26EBCC014}.Release|Any CPU.Build.0 = Release|Any CPU
		{531F72A5-86E9-4D35-AD75-DCC5DE829207}.Debug|Any CPU.ActiveCfg = Debug|Any CPU
		{531F72A5-86E9-4D35-AD75-DCC5DE829207}.Debug|Any CPU.Build.0 = Debug|Any CPU
		{531F72A5-86E9-4D35-AD75-DCC5DE829207}.LamaDebug|Any CPU.ActiveCfg = Debug|Any CPU
		{531F72A5-86E9-4D35-AD75-DCC5DE829207}.LamaDebug|Any CPU.Build.0 = Debug|Any CPU
		{531F72A5-86E9-4D35-AD75-DCC5DE829207}.Release|Any CPU.ActiveCfg = Release|Any CPU
		{531F72A5-86E9-4D35-AD75-DCC5DE829207}.Release|Any CPU.Build.0 = Release|Any CPU
		{5629569B-5A30-431F-87B0-6A1C7D3B9BE4}.Debug|Any CPU.ActiveCfg = Debug|Any CPU
		{5629569B-5A30-431F-87B0-6A1C7D3B9BE4}.Debug|Any CPU.Build.0 = Debug|Any CPU
		{5629569B-5A30-431F-87B0-6A1C7D3B9BE4}.LamaDebug|Any CPU.ActiveCfg = LamaDebug|Any CPU
		{5629569B-5A30-431F-87B0-6A1C7D3B9BE4}.LamaDebug|Any CPU.Build.0 = LamaDebug|Any CPU
		{5629569B-5A30-431F-87B0-6A1C7D3B9BE4}.Release|Any CPU.ActiveCfg = Release|Any CPU
		{5629569B-5A30-431F-87B0-6A1C7D3B9BE4}.Release|Any CPU.Build.0 = Release|Any CPU
		{A41D07DC-B44C-4B21-B1A9-7F4B3E3AD035}.Debug|Any CPU.ActiveCfg = Debug|Any CPU
		{A41D07DC-B44C-4B21-B1A9-7F4B3E3AD035}.Debug|Any CPU.Build.0 = Debug|Any CPU
		{A41D07DC-B44C-4B21-B1A9-7F4B3E3AD035}.LamaDebug|Any CPU.ActiveCfg = Debug|Any CPU
		{A41D07DC-B44C-4B21-B1A9-7F4B3E3AD035}.LamaDebug|Any CPU.Build.0 = Debug|Any CPU
		{A41D07DC-B44C-4B21-B1A9-7F4B3E3AD035}.Release|Any CPU.ActiveCfg = Release|Any CPU
		{A41D07DC-B44C-4B21-B1A9-7F4B3E3AD035}.Release|Any CPU.Build.0 = Release|Any CPU
		{652C25D5-921B-4F40-AA8D-F04D330F3137}.Debug|Any CPU.ActiveCfg = Debug|Any CPU
		{652C25D5-921B-4F40-AA8D-F04D330F3137}.Debug|Any CPU.Build.0 = Debug|Any CPU
		{652C25D5-921B-4F40-AA8D-F04D330F3137}.LamaDebug|Any CPU.ActiveCfg = LamaDebug|Any CPU
		{652C25D5-921B-4F40-AA8D-F04D330F3137}.LamaDebug|Any CPU.Build.0 = LamaDebug|Any CPU
		{652C25D5-921B-4F40-AA8D-F04D330F3137}.Release|Any CPU.ActiveCfg = Release|Any CPU
		{652C25D5-921B-4F40-AA8D-F04D330F3137}.Release|Any CPU.Build.0 = Release|Any CPU
		{FF399248-5500-4D69-ADFA-8428ABBE8D1B}.Debug|Any CPU.ActiveCfg = Debug|Any CPU
		{FF399248-5500-4D69-ADFA-8428ABBE8D1B}.Debug|Any CPU.Build.0 = Debug|Any CPU
		{FF399248-5500-4D69-ADFA-8428ABBE8D1B}.LamaDebug|Any CPU.ActiveCfg = LamaDebug|Any CPU
		{FF399248-5500-4D69-ADFA-8428ABBE8D1B}.LamaDebug|Any CPU.Build.0 = LamaDebug|Any CPU
		{FF399248-5500-4D69-ADFA-8428ABBE8D1B}.Release|Any CPU.ActiveCfg = Release|Any CPU
		{FF399248-5500-4D69-ADFA-8428ABBE8D1B}.Release|Any CPU.Build.0 = Release|Any CPU
		{709DF85F-9F13-44F4-9FB7-CA09616876A8}.Debug|Any CPU.ActiveCfg = Debug|Any CPU
		{709DF85F-9F13-44F4-9FB7-CA09616876A8}.Debug|Any CPU.Build.0 = Debug|Any CPU
		{709DF85F-9F13-44F4-9FB7-CA09616876A8}.LamaDebug|Any CPU.ActiveCfg = LamaDebug|Any CPU
		{709DF85F-9F13-44F4-9FB7-CA09616876A8}.LamaDebug|Any CPU.Build.0 = LamaDebug|Any CPU
		{709DF85F-9F13-44F4-9FB7-CA09616876A8}.Release|Any CPU.ActiveCfg = Release|Any CPU
		{709DF85F-9F13-44F4-9FB7-CA09616876A8}.Release|Any CPU.Build.0 = Release|Any CPU
		{BF404B9F-F10C-4038-83C2-4D9856D78C5C}.Debug|Any CPU.ActiveCfg = Debug|Any CPU
		{BF404B9F-F10C-4038-83C2-4D9856D78C5C}.Debug|Any CPU.Build.0 = Debug|Any CPU
		{BF404B9F-F10C-4038-83C2-4D9856D78C5C}.LamaDebug|Any CPU.ActiveCfg = LamaDebug|Any CPU
		{BF404B9F-F10C-4038-83C2-4D9856D78C5C}.LamaDebug|Any CPU.Build.0 = LamaDebug|Any CPU
		{BF404B9F-F10C-4038-83C2-4D9856D78C5C}.Release|Any CPU.ActiveCfg = Release|Any CPU
		{BF404B9F-F10C-4038-83C2-4D9856D78C5C}.Release|Any CPU.Build.0 = Release|Any CPU
		{C8C2F96C-BFD8-4348-A703-3E096CE66459}.Debug|Any CPU.ActiveCfg = Debug|Any CPU
		{C8C2F96C-BFD8-4348-A703-3E096CE66459}.Debug|Any CPU.Build.0 = Debug|Any CPU
		{C8C2F96C-BFD8-4348-A703-3E096CE66459}.LamaDebug|Any CPU.ActiveCfg = LamaDebug|Any CPU
		{C8C2F96C-BFD8-4348-A703-3E096CE66459}.LamaDebug|Any CPU.Build.0 = LamaDebug|Any CPU
		{C8C2F96C-BFD8-4348-A703-3E096CE66459}.Release|Any CPU.ActiveCfg = Release|Any CPU
		{C8C2F96C-BFD8-4348-A703-3E096CE66459}.Release|Any CPU.Build.0 = Release|Any CPU
		{492D4201-A2A8-40C3-A29F-00752E85FFE3}.Debug|Any CPU.ActiveCfg = Debug|Any CPU
		{492D4201-A2A8-40C3-A29F-00752E85FFE3}.Debug|Any CPU.Build.0 = Debug|Any CPU
		{492D4201-A2A8-40C3-A29F-00752E85FFE3}.Release|Any CPU.ActiveCfg = Release|Any CPU
		{492D4201-A2A8-40C3-A29F-00752E85FFE3}.Release|Any CPU.Build.0 = Release|Any CPU
		{492D4201-A2A8-40C3-A29F-00752E85FFE3}.LamaDebug|Any CPU.ActiveCfg = LamaDebug|Any CPU
		{492D4201-A2A8-40C3-A29F-00752E85FFE3}.LamaDebug|Any CPU.Build.0 = LamaDebug|Any CPU
	EndGlobalSection
	GlobalSection(SolutionProperties) = preSolution
		HideSolutionNode = FALSE
	EndGlobalSection
	GlobalSection(NestedProjects) = preSolution
		{44CDD123-61AE-4A9C-B7B2-BB3072E6C01D} = {77C66C48-66C7-4D6C-8816-D27CA316ED56}
		{48FC05CB-86BA-4924-917C-9DD38F3485A1} = {B83BDFAD-4481-4AE0-982C-2D6734C4AF25}
		{5BFA206D-41CE-47DC-A4EE-B8959F8B5AEB} = {9B3FE904-D75E-41D1-B7C6-96D0A5A43081}
		{A9A5F335-9830-44B5-AF77-B052203D7557} = {76F98450-261F-470C-903F-17ED0BB00357}
		{CD11C312-1F1B-43FE-AA68-5DB7C5A291A9} = {DCB74618-ACBA-492D-B0E8-ADDCF054D9AB}
		{FD3EE653-84FB-4104-8022-04EBCDC3CF51} = {DCB74618-ACBA-492D-B0E8-ADDCF054D9AB}
		{90979880-AF30-452E-80F0-56C588E9EE1B} = {DCB74618-ACBA-492D-B0E8-ADDCF054D9AB}
		{C8C6D9A7-231E-4044-B343-9B4AA5E8130E} = {B0ADBBD1-23B8-4910-8B76-FF58A34A5E92}
		{316C56F3-9CA8-4C37-85AD-4610C66D53F3} = {47451698-A2B9-4D25-8E05-FDBCABC1ACDA}
		{0BABE3DA-21E5-407E-AABC-F14CD6F61DB6} = {4348E5E8-0AEF-4ED9-A1CD-4034D6CE423C}
		{C7EC8353-5C89-4380-A535-FB90FCC97458} = {4348E5E8-0AEF-4ED9-A1CD-4034D6CE423C}
		{4DCB6077-34D5-44C3-9E71-D2A8A4F0A570} = {4348E5E8-0AEF-4ED9-A1CD-4034D6CE423C}
		{F29805E9-9257-4CD7-A688-7945818E0F89} = {73B51082-DEDB-4224-B913-5A27AE7CE4FF}
		{D92737C1-EC6C-49BD-BB3B-24273217917B} = {73B51082-DEDB-4224-B913-5A27AE7CE4FF}
		{E3622A30-F390-47A6-9E98-DD63E92528DC} = {DCB74618-ACBA-492D-B0E8-ADDCF054D9AB}
		{3393B786-FBE3-4F3E-B3C4-482F0FF54888} = {4348E5E8-0AEF-4ED9-A1CD-4034D6CE423C}
		{AD03F92F-D808-4109-A977-725A81101563} = {DCB74618-ACBA-492D-B0E8-ADDCF054D9AB}
		{480219FB-C497-4036-84EC-82949DACC68B} = {DCB74618-ACBA-492D-B0E8-ADDCF054D9AB}
		{47451698-A2B9-4D25-8E05-FDBCABC1ACDA} = {76F98450-261F-470C-903F-17ED0BB00357}
		{0FD5314D-9680-4AFA-B6DA-22C3D38F1FF9} = {47451698-A2B9-4D25-8E05-FDBCABC1ACDA}
		{96AD489A-EAD6-4C4C-ACA9-5124DC06A013} = {47451698-A2B9-4D25-8E05-FDBCABC1ACDA}
		{9E47D1B7-CD6B-4917-AD85-554B069680A0} = {47451698-A2B9-4D25-8E05-FDBCABC1ACDA}
		{EFEE7211-7D60-48A7-85B1-8EE248A0B7CA} = {47451698-A2B9-4D25-8E05-FDBCABC1ACDA}
		{422540C0-B083-4031-B796-271B0B69A2E5} = {DCB74618-ACBA-492D-B0E8-ADDCF054D9AB}
		{E0F5A200-1A06-4277-A64D-E8DE12685403} = {DCB74618-ACBA-492D-B0E8-ADDCF054D9AB}
		{453269BA-65F7-4D4F-BE0A-1D5455926608} = {76F98450-261F-470C-903F-17ED0BB00357}
		{B8D41FD0-41A1-4E48-96AC-4F99B3AB4C41} = {77C66C48-66C7-4D6C-8816-D27CA316ED56}
		{B5EB9D3F-0925-44D1-984D-67F5CC38ED45} = {4348E5E8-0AEF-4ED9-A1CD-4034D6CE423C}
		{1D0C6ABB-3703-4315-AD44-23807E73BA01} = {77C66C48-66C7-4D6C-8816-D27CA316ED56}
		{3B95178C-0455-4115-B533-69C09CEA8C1D} = {77C66C48-66C7-4D6C-8816-D27CA316ED56}
		{AECA4EDD-A63B-4AB0-8D5B-7F07E591A9CA} = {9B3FE904-D75E-41D1-B7C6-96D0A5A43081}
		{F886B0FC-AB80-45CB-ACE7-B51C50E6F9B4} = {4348E5E8-0AEF-4ED9-A1CD-4034D6CE423C}
		{63D02C34-4E24-45E7-A3CD-EF8ECE90D9D2} = {9B3FE904-D75E-41D1-B7C6-96D0A5A43081}
		{4913E93D-59F1-454D-9FA8-AD874CB78034} = {9B3FE904-D75E-41D1-B7C6-96D0A5A43081}
		{8E5B0EA6-9C6F-49D2-AE94-3D1AF4527BBA} = {B83BDFAD-4481-4AE0-982C-2D6734C4AF25}
		{9A2AFB50-6B72-4AC4-9760-EFFFF19C554F} = {B83BDFAD-4481-4AE0-982C-2D6734C4AF25}
		{F085A769-5611-4A57-ACB4-09F0667106E5} = {B83BDFAD-4481-4AE0-982C-2D6734C4AF25}
		{EB57CAB3-E207-4E50-BA50-45CAAD068BC7} = {C47BBB65-4811-4856-BC95-88F1A5F501AC}
		{CD3F0981-296C-4821-8B46-013CA2DB2DBB} = {C47BBB65-4811-4856-BC95-88F1A5F501AC}
		{57B199B1-CD22-4B9F-93F0-41A26EBCC014} = {694C7F45-9994-46A7-8B7A-880688B50559}
		{531F72A5-86E9-4D35-AD75-DCC5DE829207} = {4348E5E8-0AEF-4ED9-A1CD-4034D6CE423C}
		{5629569B-5A30-431F-87B0-6A1C7D3B9BE4} = {694C7F45-9994-46A7-8B7A-880688B50559}
		{A41D07DC-B44C-4B21-B1A9-7F4B3E3AD035} = {4348E5E8-0AEF-4ED9-A1CD-4034D6CE423C}
		{652C25D5-921B-4F40-AA8D-F04D330F3137} = {61054CBB-7CBB-4BFA-9B01-4A0072ADF28D}
		{FF399248-5500-4D69-ADFA-8428ABBE8D1B} = {694C7F45-9994-46A7-8B7A-880688B50559}
		{709DF85F-9F13-44F4-9FB7-CA09616876A8} = {61054CBB-7CBB-4BFA-9B01-4A0072ADF28D}
		{C8C2F96C-BFD8-4348-A703-3E096CE66459} = {3C086025-224A-4648-8A9C-7EDCFDFEE581}
		{492D4201-A2A8-40C3-A29F-00752E85FFE3} = {3C086025-224A-4648-8A9C-7EDCFDFEE581}
		{2A30033C-0CB4-4817-B805-D4D921724888} = {BF372AB8-1FA3-436B-853D-F540B31CA28F}
		{6445B7D7-1CE2-4097-AE49-51F7E4B31327} = {29922A1C-7D4B-47E1-A1E5-79F9BBD8C5D1}
		{BF404B9F-F10C-4038-83C2-4D9856D78C5C} = {0C7AE1ED-34AF-4C36-892B-9B89948524E7}
	EndGlobalSection
	GlobalSection(ExtensibilityGlobals) = postSolution
		SolutionGuid = {8C409864-0EB7-4A04-8E6C-0A04A9F557C9}
	EndGlobalSection
EndGlobal
